
Microsoft Visual Studio Solution File, Format Version 12.00
# Visual Studio Version 16
VisualStudioVersion = 16.0.31424.327
MinimumVisualStudioVersion = 10.0.40219.1
Project("{8BC9CEB8-8B4A-11D0-8D11-00A0C91BC942}") = "CudaTest", "CudaTest\CudaTest.vcxproj", "{A7C3227E-6EAE-49A5-9D82-016F7BB1BB34}"
EndProject
Project("{8BC9CEB8-8B4A-11D0-8D11-00A0C91BC942}") = "TheRayTracerChallenge", "TheRayTracerChallenge\TheRayTracerChallenge.vcxproj", "{3117C30E-E753-45D9-9387-A8E5850EFCF5}"
EndProject
Project("{8BC9CEB8-8B4A-11D0-8D11-00A0C91BC942}") = "OpenGLFrontend", "OpenGLFrontend\OpenGLFrontend.vcxproj", "{0BEB3DBF-34CD-460C-B02B-CEB12A016655}"
EndProject
Project("{8BC9CEB8-8B4A-11D0-8D11-00A0C91BC942}") = "Playground", "Playground\Playground.vcxproj", "{E9FE8284-4A52-4B98-878A-8185A219446E}"
EndProject
Project("{8BC9CEB8-8B4A-11D0-8D11-00A0C91BC942}") = "RayTracingInOneWeekEnd", "RayTracingInOneWeekEnd\RayTracingInOneWeekEnd.vcxproj", "{1E3F891A-644F-4967-98C4-C644BA42A046}"
EndProject
Global
	GlobalSection(SolutionConfigurationPlatforms) = preSolution
		Debug|Win32 = Debug|Win32
		Debug|x64 = Debug|x64
		Debug|x86 = Debug|x86
		Release|Win32 = Release|Win32
		Release|x64 = Release|x64
		Release|x86 = Release|x86
	EndGlobalSection
	GlobalSection(ProjectConfigurationPlatforms) = postSolution
		{A7C3227E-6EAE-49A5-9D82-016F7BB1BB34}.Debug|Win32.ActiveCfg = Debug|x64
		{A7C3227E-6EAE-49A5-9D82-016F7BB1BB34}.Debug|x64.ActiveCfg = Debug|x64
		{A7C3227E-6EAE-49A5-9D82-016F7BB1BB34}.Debug|x64.Build.0 = Debug|x64
		{A7C3227E-6EAE-49A5-9D82-016F7BB1BB34}.Debug|x86.ActiveCfg = Debug|x64
		{A7C3227E-6EAE-49A5-9D82-016F7BB1BB34}.Release|Win32.ActiveCfg = Release|x64
		{A7C3227E-6EAE-49A5-9D82-016F7BB1BB34}.Release|x64.ActiveCfg = Release|x64
		{A7C3227E-6EAE-49A5-9D82-016F7BB1BB34}.Release|x64.Build.0 = Release|x64
		{A7C3227E-6EAE-49A5-9D82-016F7BB1BB34}.Release|x86.ActiveCfg = Release|x64
		{3117C30E-E753-45D9-9387-A8E5850EFCF5}.Debug|Win32.ActiveCfg = Debug|Win32
		{3117C30E-E753-45D9-9387-A8E5850EFCF5}.Debug|Win32.Build.0 = Debug|Win32
		{3117C30E-E753-45D9-9387-A8E5850EFCF5}.Debug|x64.ActiveCfg = Debug|x64
		{3117C30E-E753-45D9-9387-A8E5850EFCF5}.Debug|x64.Build.0 = Debug|x64
		{3117C30E-E753-45D9-9387-A8E5850EFCF5}.Debug|x86.ActiveCfg = Debug|Win32
		{3117C30E-E753-45D9-9387-A8E5850EFCF5}.Debug|x86.Build.0 = Debug|Win32
		{3117C30E-E753-45D9-9387-A8E5850EFCF5}.Release|Win32.ActiveCfg = Release|Win32
		{3117C30E-E753-45D9-9387-A8E5850EFCF5}.Release|Win32.Build.0 = Release|Win32
		{3117C30E-E753-45D9-9387-A8E5850EFCF5}.Release|x64.ActiveCfg = Release|x64
		{3117C30E-E753-45D9-9387-A8E5850EFCF5}.Release|x64.Build.0 = Release|x64
		{3117C30E-E753-45D9-9387-A8E5850EFCF5}.Release|x86.ActiveCfg = Release|Win32
		{3117C30E-E753-45D9-9387-A8E5850EFCF5}.Release|x86.Build.0 = Release|Win32
		{0BEB3DBF-34CD-460C-B02B-CEB12A016655}.Debug|Win32.ActiveCfg = Debug|Win32
		{0BEB3DBF-34CD-460C-B02B-CEB12A016655}.Debug|Win32.Build.0 = Debug|Win32
		{0BEB3DBF-34CD-460C-B02B-CEB12A016655}.Debug|x64.ActiveCfg = Debug|x64
		{0BEB3DBF-34CD-460C-B02B-CEB12A016655}.Debug|x64.Build.0 = Debug|x64
		{0BEB3DBF-34CD-460C-B02B-CEB12A016655}.Debug|x86.ActiveCfg = Debug|Win32
		{0BEB3DBF-34CD-460C-B02B-CEB12A016655}.Debug|x86.Build.0 = Debug|Win32
		{0BEB3DBF-34CD-460C-B02B-CEB12A016655}.Release|Win32.ActiveCfg = Release|Win32
		{0BEB3DBF-34CD-460C-B02B-CEB12A016655}.Release|Win32.Build.0 = Release|Win32
		{0BEB3DBF-34CD-460C-B02B-CEB12A016655}.Release|x64.ActiveCfg = Release|x64
		{0BEB3DBF-34CD-460C-B02B-CEB12A016655}.Release|x64.Build.0 = Release|x64
		{0BEB3DBF-34CD-460C-B02B-CEB12A016655}.Release|x86.ActiveCfg = Release|Win32
		{0BEB3DBF-34CD-460C-B02B-CEB12A016655}.Release|x86.Build.0 = Release|Win32
		{E9FE8284-4A52-4B98-878A-8185A219446E}.Debug|Win32.ActiveCfg = Debug|x64
		{E9FE8284-4A52-4B98-878A-8185A219446E}.Debug|x64.ActiveCfg = Debug|x64
		{E9FE8284-4A52-4B98-878A-8185A219446E}.Debug|x64.Build.0 = Debug|x64
		{E9FE8284-4A52-4B98-878A-8185A219446E}.Debug|x86.ActiveCfg = Debug|x64
		{E9FE8284-4A52-4B98-878A-8185A219446E}.Release|Win32.ActiveCfg = Release|x64
		{E9FE8284-4A52-4B98-878A-8185A219446E}.Release|x64.ActiveCfg = Release|x64
		{E9FE8284-4A52-4B98-878A-8185A219446E}.Release|x64.Build.0 = Release|x64
		{E9FE8284-4A52-4B98-878A-8185A219446E}.Release|x86.ActiveCfg = Release|x64
		{1E3F891A-644F-4967-98C4-C644BA42A046}.Debug|Win32.ActiveCfg = Debug|x64
		{1E3F891A-644F-4967-98C4-C644BA42A046}.Debug|x64.ActiveCfg = Debug|x64
		{1E3F891A-644F-4967-98C4-C644BA42A046}.Debug|x64.Build.0 = Debug|x64
		{1E3F891A-644F-4967-98C4-C644BA42A046}.Debug|x86.ActiveCfg = Debug|x64
		{1E3F891A-644F-4967-98C4-C644BA42A046}.Release|Win32.ActiveCfg = Release|x64
		{1E3F891A-644F-4967-98C4-C644BA42A046}.Release|x64.ActiveCfg = Release|x64
		{1E3F891A-644F-4967-98C4-C644BA42A046}.Release|x64.Build.0 = Release|x64
		{1E3F891A-644F-4967-98C4-C644BA42A046}.Release|x86.ActiveCfg = Release|x64
	EndGlobalSection
	GlobalSection(SolutionProperties) = preSolution
		HideSolutionNode = FALSE
	EndGlobalSection
	GlobalSection(ExtensibilityGlobals) = postSolution
		SolutionGuid = {3F6390DA-46E0-400C-A167-201330DE9BA5}
	EndGlobalSection
EndGlobal
