
Microsoft Visual Studio Solution File, Format Version 12.00
# Visual Studio Version 16
VisualStudioVersion = 16.0.31424.327
MinimumVisualStudioVersion = 10.0.40219.1
Project("{8BC9CEB8-8B4A-11D0-8D11-00A0C91BC942}") = "CudaTest", "CudaTest\CudaTest.vcxproj", "{A7C3227E-6EAE-49A5-9D82-016F7BB1BB34}"
EndProject
Project("{8BC9CEB8-8B4A-11D0-8D11-00A0C91BC942}") = "TheRayTracerChallenge", "TheRayTracerChallenge\TheRayTracerChallenge.vcxproj", "{3117C30E-E753-45D9-9387-A8E5850EFCF5}"
EndProject
Project("{8BC9CEB8-8B4A-11D0-8D11-00A0C91BC942}") = "OpenGLFrontend", "OpenGLFrontend\OpenGLFrontend.vcxproj", "{0BEB3DBF-34CD-460C-B02B-CEB12A016655}"
EndProject
Project("{8BC9CEB8-8B4A-11D0-8D11-00A0C91BC942}") = "Playground", "Playground\Playground.vcxproj", "{E9FE8284-4A52-4B98-878A-8185A219446E}"
EndProject
Project("{8BC9CEB8-8B4A-11D0-8D11-00A0C91BC942}") = "RayTracingInOneWeekEnd", "RayTracingInOneWeekEnd\RayTracingInOneWeekEnd.vcxproj", "{1E3F891A-644F-4967-98C4-C644BA42A046}"
EndProject
Project("{8BC9CEB8-8B4A-11D0-8D11-00A0C91BC942}") = "GPUPathTracingWithCUDATutorial1", "GPUPathTracingWithCUDATutorial1\GPUPathTracingWithCUDATutorial1.vcxproj", "{4DEDC252-7DB8-4CC8-873A-6C5CD32318EA}"
EndProject
Global
	GlobalSection(SolutionConfigurationPlatforms) = preSolution
		CPU-Debug|x64 = CPU-Debug|x64
		CPU-Release|x64 = CPU-Release|x64
		Debug|x64 = Debug|x64
		GPU-Debug|x64 = GPU-Debug|x64
		GPU-Realtime-Release|x64 = GPU-Realtime-Release|x64
		GPU-Release|x64 = GPU-Release|x64
		Release|x64 = Release|x64
	EndGlobalSection
	GlobalSection(ProjectConfigurationPlatforms) = postSolution
		{A7C3227E-6EAE-49A5-9D82-016F7BB1BB34}.CPU-Debug|x64.ActiveCfg = CPU-Debug|x64
		{A7C3227E-6EAE-49A5-9D82-016F7BB1BB34}.CPU-Debug|x64.Build.0 = CPU-Debug|x64
		{A7C3227E-6EAE-49A5-9D82-016F7BB1BB34}.CPU-Release|x64.ActiveCfg = CPU-Release|x64
		{A7C3227E-6EAE-49A5-9D82-016F7BB1BB34}.CPU-Release|x64.Build.0 = CPU-Release|x64
		{A7C3227E-6EAE-49A5-9D82-016F7BB1BB34}.Debug|x64.ActiveCfg = CPU-Debug|x64
		{A7C3227E-6EAE-49A5-9D82-016F7BB1BB34}.Debug|x64.Build.0 = CPU-Debug|x64
		{A7C3227E-6EAE-49A5-9D82-016F7BB1BB34}.GPU-Debug|x64.ActiveCfg = GPU-Debug|x64
		{A7C3227E-6EAE-49A5-9D82-016F7BB1BB34}.GPU-Debug|x64.Build.0 = GPU-Debug|x64
		{A7C3227E-6EAE-49A5-9D82-016F7BB1BB34}.GPU-Realtime-Release|x64.ActiveCfg = GPU-Realtime-Release|x64
		{A7C3227E-6EAE-49A5-9D82-016F7BB1BB34}.GPU-Realtime-Release|x64.Build.0 = GPU-Realtime-Release|x64
		{A7C3227E-6EAE-49A5-9D82-016F7BB1BB34}.GPU-Release|x64.ActiveCfg = GPU-Release|x64
		{A7C3227E-6EAE-49A5-9D82-016F7BB1BB34}.GPU-Release|x64.Build.0 = GPU-Release|x64
		{A7C3227E-6EAE-49A5-9D82-016F7BB1BB34}.Release|x64.ActiveCfg = GPU-Debug|x64
		{3117C30E-E753-45D9-9387-A8E5850EFCF5}.CPU-Debug|x64.ActiveCfg = CPU-Debug|x64
		{3117C30E-E753-45D9-9387-A8E5850EFCF5}.CPU-Debug|x64.Build.0 = CPU-Debug|x64
		{3117C30E-E753-45D9-9387-A8E5850EFCF5}.CPU-Release|x64.ActiveCfg = CPU-Release|x64
		{3117C30E-E753-45D9-9387-A8E5850EFCF5}.CPU-Release|x64.Build.0 = CPU-Release|x64
		{3117C30E-E753-45D9-9387-A8E5850EFCF5}.Debug|x64.ActiveCfg = Debug|x64
		{3117C30E-E753-45D9-9387-A8E5850EFCF5}.Debug|x64.Build.0 = Debug|x64
		{3117C30E-E753-45D9-9387-A8E5850EFCF5}.GPU-Debug|x64.ActiveCfg = GPU-Debug|x64
		{3117C30E-E753-45D9-9387-A8E5850EFCF5}.GPU-Debug|x64.Build.0 = GPU-Debug|x64
		{3117C30E-E753-45D9-9387-A8E5850EFCF5}.GPU-Realtime-Release|x64.ActiveCfg = GPU-Realtime-Release|x64
		{3117C30E-E753-45D9-9387-A8E5850EFCF5}.GPU-Realtime-Release|x64.Build.0 = GPU-Realtime-Release|x64
		{3117C30E-E753-45D9-9387-A8E5850EFCF5}.GPU-Release|x64.ActiveCfg = GPU-Release|x64
		{3117C30E-E753-45D9-9387-A8E5850EFCF5}.GPU-Release|x64.Build.0 = GPU-Release|x64
		{3117C30E-E753-45D9-9387-A8E5850EFCF5}.Release|x64.ActiveCfg = Release|x64
		{0BEB3DBF-34CD-460C-B02B-CEB12A016655}.CPU-Debug|x64.ActiveCfg = Debug|x64
		{0BEB3DBF-34CD-460C-B02B-CEB12A016655}.CPU-Release|x64.ActiveCfg = Release|x64
		{0BEB3DBF-34CD-460C-B02B-CEB12A016655}.Debug|x64.ActiveCfg = Release|x64
		{0BEB3DBF-34CD-460C-B02B-CEB12A016655}.Debug|x64.Build.0 = Release|x64
		{0BEB3DBF-34CD-460C-B02B-CEB12A016655}.GPU-Debug|x64.ActiveCfg = Debug|x64
		{0BEB3DBF-34CD-460C-B02B-CEB12A016655}.GPU-Realtime-Release|x64.ActiveCfg = Release|x64
		{0BEB3DBF-34CD-460C-B02B-CEB12A016655}.GPU-Release|x64.ActiveCfg = Release|x64
		{0BEB3DBF-34CD-460C-B02B-CEB12A016655}.Release|x64.ActiveCfg = Debug|x64
		{E9FE8284-4A52-4B98-878A-8185A219446E}.CPU-Debug|x64.ActiveCfg = Debug|x64
		{E9FE8284-4A52-4B98-878A-8185A219446E}.CPU-Release|x64.ActiveCfg = Release|x64
		{E9FE8284-4A52-4B98-878A-8185A219446E}.Debug|x64.ActiveCfg = Debug|x64
		{E9FE8284-4A52-4B98-878A-8185A219446E}.Debug|x64.Build.0 = Debug|x64
		{E9FE8284-4A52-4B98-878A-8185A219446E}.GPU-Debug|x64.ActiveCfg = Debug|x64
		{E9FE8284-4A52-4B98-878A-8185A219446E}.GPU-Realtime-Release|x64.ActiveCfg = Release|x64
		{E9FE8284-4A52-4B98-878A-8185A219446E}.GPU-Release|x64.ActiveCfg = Release|x64
		{E9FE8284-4A52-4B98-878A-8185A219446E}.GPU-Release|x64.Build.0 = Release|x64
		{E9FE8284-4A52-4B98-878A-8185A219446E}.Release|x64.ActiveCfg = Release|x64
		{E9FE8284-4A52-4B98-878A-8185A219446E}.Release|x64.Build.0 = Release|x64
		{1E3F891A-644F-4967-98C4-C644BA42A046}.CPU-Debug|x64.ActiveCfg = Debug|x64
		{1E3F891A-644F-4967-98C4-C644BA42A046}.CPU-Release|x64.ActiveCfg = Release|x64
		{1E3F891A-644F-4967-98C4-C644BA42A046}.Debug|x64.ActiveCfg = Debug|x64
		{1E3F891A-644F-4967-98C4-C644BA42A046}.Debug|x64.Build.0 = Debug|x64
		{1E3F891A-644F-4967-98C4-C644BA42A046}.GPU-Debug|x64.ActiveCfg = Debug|x64
		{1E3F891A-644F-4967-98C4-C644BA42A046}.GPU-Realtime-Release|x64.ActiveCfg = Release|x64
		{1E3F891A-644F-4967-98C4-C644BA42A046}.GPU-Realtime-Release|x64.Build.0 = Release|x64
		{1E3F891A-644F-4967-98C4-C644BA42A046}.GPU-Release|x64.ActiveCfg = Debug|x64
		{1E3F891A-644F-4967-98C4-C644BA42A046}.GPU-Release|x64.Build.0 = Debug|x64
		{1E3F891A-644F-4967-98C4-C644BA42A046}.Release|x64.ActiveCfg = Release|x64
		{4DEDC252-7DB8-4CC8-873A-6C5CD32318EA}.CPU-Debug|x64.ActiveCfg = Debug|x64
		{4DEDC252-7DB8-4CC8-873A-6C5CD32318EA}.CPU-Debug|x64.Build.0 = Debug|x64
		{4DEDC252-7DB8-4CC8-873A-6C5CD32318EA}.CPU-Release|x64.ActiveCfg = Release|x64
		{4DEDC252-7DB8-4CC8-873A-6C5CD32318EA}.CPU-Release|x64.Build.0 = Release|x64
		{4DEDC252-7DB8-4CC8-873A-6C5CD32318EA}.Debug|x64.ActiveCfg = Debug|x64
		{4DEDC252-7DB8-4CC8-873A-6C5CD32318EA}.Debug|x64.Build.0 = Debug|x64
		{4DEDC252-7DB8-4CC8-873A-6C5CD32318EA}.GPU-Debug|x64.ActiveCfg = Debug|x64
		{4DEDC252-7DB8-4CC8-873A-6C5CD32318EA}.GPU-Debug|x64.Build.0 = Debug|x64
		{4DEDC252-7DB8-4CC8-873A-6C5CD32318EA}.GPU-Realtime-Release|x64.ActiveCfg = Release|x64
		{4DEDC252-7DB8-4CC8-873A-6C5CD32318EA}.GPU-Realtime-Release|x64.Build.0 = Release|x64
		{4DEDC252-7DB8-4CC8-873A-6C5CD32318EA}.GPU-Release|x64.ActiveCfg = Release|x64
		{4DEDC252-7DB8-4CC8-873A-6C5CD32318EA}.GPU-Release|x64.Build.0 = Release|x64
		{4DEDC252-7DB8-4CC8-873A-6C5CD32318EA}.Release|x64.ActiveCfg = Release|x64
		{4DEDC252-7DB8-4CC8-873A-6C5CD32318EA}.Release|x64.Build.0 = Release|x64
	EndGlobalSection
	GlobalSection(SolutionProperties) = preSolution
		HideSolutionNode = FALSE
	EndGlobalSection
	GlobalSection(ExtensibilityGlobals) = postSolution
		SolutionGuid = {3F6390DA-46E0-400C-A167-201330DE9BA5}
	EndGlobalSection
EndGlobal
